
Microsoft Visual Studio Solution File, Format Version 12.00
Project("{FAE04EC0-301F-11D3-BF4B-00C04F79EFBC}") = "MandatySim.Con", "MandatySim.Con\MandatySim.Con.csproj", "{403A6158-0B32-4481-87C1-D2CFA415051F}"
EndProject
Global
	GlobalSection(SolutionConfigurationPlatforms) = preSolution
		Debug|Any CPU = Debug|Any CPU
		Release|Any CPU = Release|Any CPU
	EndGlobalSection
	GlobalSection(ProjectConfigurationPlatforms) = postSolution
		{403A6158-0B32-4481-87C1-D2CFA415051F}.Debug|Any CPU.ActiveCfg = Debug|Any CPU
		{403A6158-0B32-4481-87C1-D2CFA415051F}.Debug|Any CPU.Build.0 = Debug|Any CPU
		{403A6158-0B32-4481-87C1-D2CFA415051F}.Release|Any CPU.ActiveCfg = Release|Any CPU
		{403A6158-0B32-4481-87C1-D2CFA415051F}.Release|Any CPU.Build.0 = Release|Any CPU
	EndGlobalSection
EndGlobal
